// !$*UTF8*$!
{
	archiveVersion = 1;
	classes = {
	};
	objectVersion = 50;
	objects = {

/* Begin PBXBuildFile section */
		FE92401225F3C8C100DEA312 /* AppDelegate.swift in Sources */ = {isa = PBXBuildFile; fileRef = FE92401125F3C8C100DEA312 /* AppDelegate.swift */; };
		FE92401425F3C8C100DEA312 /* SceneDelegate.swift in Sources */ = {isa = PBXBuildFile; fileRef = FE92401325F3C8C100DEA312 /* SceneDelegate.swift */; };
		FE92401625F3C8C100DEA312 /* ViewController.swift in Sources */ = {isa = PBXBuildFile; fileRef = FE92401525F3C8C100DEA312 /* ViewController.swift */; };
		FE92401925F3C8C100DEA312 /* Main.storyboard in Resources */ = {isa = PBXBuildFile; fileRef = FE92401725F3C8C100DEA312 /* Main.storyboard */; };
		FE92401B25F3C8C400DEA312 /* Assets.xcassets in Resources */ = {isa = PBXBuildFile; fileRef = FE92401A25F3C8C400DEA312 /* Assets.xcassets */; };
		FE92401E25F3C8C400DEA312 /* LaunchScreen.storyboard in Resources */ = {isa = PBXBuildFile; fileRef = FE92401C25F3C8C400DEA312 /* LaunchScreen.storyboard */; };
		FEE473EB26068B310020FA6F /* ViewController2.swift in Sources */ = {isa = PBXBuildFile; fileRef = FEE473EA26068B310020FA6F /* ViewController2.swift */; };
/* End PBXBuildFile section */

/* Begin PBXFileReference section */
		FE92400E25F3C8C100DEA312 /* 1st app.app */ = {isa = PBXFileReference; explicitFileType = wrapper.application; includeInIndex = 0; path = "1st app.app"; sourceTree = BUILT_PRODUCTS_DIR; };
		FE92401125F3C8C100DEA312 /* AppDelegate.swift */ = {isa = PBXFileReference; lastKnownFileType = sourcecode.swift; path = AppDelegate.swift; sourceTree = "<group>"; };
		FE92401325F3C8C100DEA312 /* SceneDelegate.swift */ = {isa = PBXFileReference; lastKnownFileType = sourcecode.swift; path = SceneDelegate.swift; sourceTree = "<group>"; };
		FE92401525F3C8C100DEA312 /* ViewController.swift */ = {isa = PBXFileReference; lastKnownFileType = sourcecode.swift; path = ViewController.swift; sourceTree = "<group>"; };
		FE92401825F3C8C100DEA312 /* Base */ = {isa = PBXFileReference; lastKnownFileType = file.storyboard; name = Base; path = Base.lproj/Main.storyboard; sourceTree = "<group>"; };
		FE92401A25F3C8C400DEA312 /* Assets.xcassets */ = {isa = PBXFileReference; lastKnownFileType = folder.assetcatalog; path = Assets.xcassets; sourceTree = "<group>"; };
		FE92401D25F3C8C400DEA312 /* Base */ = {isa = PBXFileReference; lastKnownFileType = file.storyboard; name = Base; path = Base.lproj/LaunchScreen.storyboard; sourceTree = "<group>"; };
		FE92401F25F3C8C400DEA312 /* Info.plist */ = {isa = PBXFileReference; lastKnownFileType = text.plist.xml; path = Info.plist; sourceTree = "<group>"; };
		FEE473EA26068B310020FA6F /* ViewController2.swift */ = {isa = PBXFileReference; lastKnownFileType = sourcecode.swift; path = ViewController2.swift; sourceTree = "<group>"; };
/* End PBXFileReference section */

/* Begin PBXFrameworksBuildPhase section */
		FE92400B25F3C8C100DEA312 /* Frameworks */ = {
			isa = PBXFrameworksBuildPhase;
			buildActionMask = 2147483647;
			files = (
			);
			runOnlyForDeploymentPostprocessing = 0;
		};
/* End PBXFrameworksBuildPhase section */

/* Begin PBXGroup section */
		FE92400525F3C8C100DEA312 = {
			isa = PBXGroup;
			children = (
				FE92401025F3C8C100DEA312 /* 1st app */,
				FE92400F25F3C8C100DEA312 /* Products */,
			);
			sourceTree = "<group>";
		};
		FE92400F25F3C8C100DEA312 /* Products */ = {
			isa = PBXGroup;
			children = (
				FE92400E25F3C8C100DEA312 /* 1st app.app */,
			);
			name = Products;
			sourceTree = "<group>";
		};
		FE92401025F3C8C100DEA312 /* 1st app */ = {
			isa = PBXGroup;
			children = (
				FE92401125F3C8C100DEA312 /* AppDelegate.swift */,
				FE92401325F3C8C100DEA312 /* SceneDelegate.swift */,
				FE92401525F3C8C100DEA312 /* ViewController.swift */,
				FEE473EA26068B310020FA6F /* ViewController2.swift */,
				FE92401725F3C8C100DEA312 /* Main.storyboard */,
				FE92401A25F3C8C400DEA312 /* Assets.xcassets */,
				FE92401C25F3C8C400DEA312 /* LaunchScreen.storyboard */,
				FE92401F25F3C8C400DEA312 /* Info.plist */,
			);
			path = "1st app";
			sourceTree = "<group>";
		};
/* End PBXGroup section */

/* Begin PBXNativeTarget section */
		FE92400D25F3C8C100DEA312 /* 1st app */ = {
			isa = PBXNativeTarget;
			buildConfigurationList = FE92402225F3C8C400DEA312 /* Build configuration list for PBXNativeTarget "1st app" */;
			buildPhases = (
				FE92400A25F3C8C100DEA312 /* Sources */,
				FE92400B25F3C8C100DEA312 /* Frameworks */,
				FE92400C25F3C8C100DEA312 /* Resources */,
			);
			buildRules = (
			);
			dependencies = (
			);
			name = "1st app";
			productName = "1st app";
			productReference = FE92400E25F3C8C100DEA312 /* 1st app.app */;
			productType = "com.apple.product-type.application";
		};
/* End PBXNativeTarget section */

/* Begin PBXProject section */
		FE92400625F3C8C100DEA312 /* Project object */ = {
			isa = PBXProject;
			attributes = {
				LastSwiftUpdateCheck = 1230;
				LastUpgradeCheck = 1230;
				TargetAttributes = {
					FE92400D25F3C8C100DEA312 = {
						CreatedOnToolsVersion = 12.3;
					};
				};
			};
			buildConfigurationList = FE92400925F3C8C100DEA312 /* Build configuration list for PBXProject "1st app" */;
			compatibilityVersion = "Xcode 9.3";
			developmentRegion = en;
			hasScannedForEncodings = 0;
			knownRegions = (
				en,
				Base,
			);
			mainGroup = FE92400525F3C8C100DEA312;
			productRefGroup = FE92400F25F3C8C100DEA312 /* Products */;
			projectDirPath = "";
			projectRoot = "";
			targets = (
				FE92400D25F3C8C100DEA312 /* 1st app */,
			);
		};
/* End PBXProject section */

/* Begin PBXResourcesBuildPhase section */
		FE92400C25F3C8C100DEA312 /* Resources */ = {
			isa = PBXResourcesBuildPhase;
			buildActionMask = 2147483647;
			files = (
				FE92401E25F3C8C400DEA312 /* LaunchScreen.storyboard in Resources */,
				FE92401B25F3C8C400DEA312 /* Assets.xcassets in Resources */,
				FE92401925F3C8C100DEA312 /* Main.storyboard in Resources */,
			);
			runOnlyForDeploymentPostprocessing = 0;
		};
/* End PBXResourcesBuildPhase section */

/* Begin PBXSourcesBuildPhase section */
		FE92400A25F3C8C100DEA312 /* Sources */ = {
			isa = PBXSourcesBuildPhase;
			buildActionMask = 2147483647;
			files = (
				FE92401625F3C8C100DEA312 /* ViewController.swift in Sources */,
				FEE473EB26068B310020FA6F /* ViewController2.swift in Sources */,
				FE92401225F3C8C100DEA312 /* AppDelegate.swift in Sources */,
				FE92401425F3C8C100DEA312 /* SceneDelegate.swift in Sources */,
			);
			runOnlyForDeploymentPostprocessing = 0;
		};
/* End PBXSourcesBuildPhase section */

/* Begin PBXVariantGroup section */
		FE92401725F3C8C100DEA312 /* Main.storyboard */ = {
			isa = PBXVariantGroup;
			children = (
				FE92401825F3C8C100DEA312 /* Base */,
			);
			name = Main.storyboard;
			sourceTree = "<group>";
		};
		FE92401C25F3C8C400DEA312 /* LaunchScreen.storyboard */ = {
			isa = PBXVariantGroup;
			children = (
				FE92401D25F3C8C400DEA312 /* Base */,
			);
			name = LaunchScreen.storyboard;
			sourceTree = "<group>";
		};
/* End PBXVariantGroup section */

/* Begin XCBuildConfiguration section */
		FE92402025F3C8C400DEA312 /* Debug */ = {
			isa = XCBuildConfiguration;
			buildSettings = {
				ALWAYS_SEARCH_USER_PATHS = NO;
				CLANG_ANALYZER_NONNULL = YES;
				CLANG_ANALYZER_NUMBER_OBJECT_CONVERSION = YES_AGGRESSIVE;
				CLANG_CXX_LANGUAGE_STANDARD = "gnu++14";
				CLANG_CXX_LIBRARY = "libc++";
				CLANG_ENABLE_MODULES = YES;
				CLANG_ENABLE_OBJC_ARC = YES;
				CLANG_ENABLE_OBJC_WEAK = YES;
				CLANG_WARN_BLOCK_CAPTURE_AUTORELEASING = YES;
				CLANG_WARN_BOOL_CONVERSION = YES;
				CLANG_WARN_COMMA = YES;
				CLANG_WARN_CONSTANT_CONVERSION = YES;
				CLANG_WARN_DEPRECATED_OBJC_IMPLEMENTATIONS = YES;
				CLANG_WARN_DIRECT_OBJC_ISA_USAGE = YES_ERROR;
				CLANG_WARN_DOCUMENTATION_COMMENTS = YES;
				CLANG_WARN_EMPTY_BODY = YES;
				CLANG_WARN_ENUM_CONVERSION = YES;
				CLANG_WARN_INFINITE_RECURSION = YES;
				CLANG_WARN_INT_CONVERSION = YES;
				CLANG_WARN_NON_LITERAL_NULL_CONVERSION = YES;
				CLANG_WARN_OBJC_IMPLICIT_RETAIN_SELF = YES;
				CLANG_WARN_OBJC_LITERAL_CONVERSION = YES;
				CLANG_WARN_OBJC_ROOT_CLASS = YES_ERROR;
				CLANG_WARN_QUOTED_INCLUDE_IN_FRAMEWORK_HEADER = YES;
				CLANG_WARN_RANGE_LOOP_ANALYSIS = YES;
				CLANG_WARN_STRICT_PROTOTYPES = YES;
				CLANG_WARN_SUSPICIOUS_MOVE = YES;
				CLANG_WARN_UNGUARDED_AVAILABILITY = YES_AGGRESSIVE;
				CLANG_WARN_UNREACHABLE_CODE = YES;
				CLANG_WARN__DUPLICATE_METHOD_MATCH = YES;
				COPY_PHASE_STRIP = NO;
				DEBUG_INFORMATION_FORMAT = dwarf;
				ENABLE_STRICT_OBJC_MSGSEND = YES;
				ENABLE_TESTABILITY = YES;
				GCC_C_LANGUAGE_STANDARD = gnu11;
				GCC_DYNAMIC_NO_PIC = NO;
				GCC_NO_COMMON_BLOCKS = YES;
				GCC_OPTIMIZATION_LEVEL = 0;
				GCC_PREPROCESSOR_DEFINITIONS = (
					"DEBUG=1",
					"$(inherited)",
				);
				GCC_WARN_64_TO_32_BIT_CONVERSION = YES;
				GCC_WARN_ABOUT_RETURN_TYPE = YES_ERROR;
				GCC_WARN_UNDECLARED_SELECTOR = YES;
				GCC_WARN_UNINITIALIZED_AUTOS = YES_AGGRESSIVE;
				GCC_WARN_UNUSED_FUNCTION = YES;
				GCC_WARN_UNUSED_VARIABLE = YES;
				IPHONEOS_DEPLOYMENT_TARGET = 14.3;
				MTL_ENABLE_DEBUG_INFO = INCLUDE_SOURCE;
				MTL_FAST_MATH = YES;
				ONLY_ACTIVE_ARCH = YES;
				SDKROOT = iphoneos;
				SWIFT_ACTIVE_COMPILATION_CONDITIONS = DEBUG;
				SWIFT_OPTIMIZATION_LEVEL = "-Onone";
			};
			name = Debug;
		};
		FE92402125F3C8C400DEA312 /* Release */ = {
			isa = XCBuildConfiguration;
			buildSettings = {
				ALWAYS_SEARCH_USER_PATHS = NO;
				CLANG_ANALYZER_NONNULL = YES;
				CLANG_ANALYZER_NUMBER_OBJECT_CONVERSION = YES_AGGRESSIVE;
				CLANG_CXX_LANGUAGE_STANDARD = "gnu++14";
				CLANG_CXX_LIBRARY = "libc++";
				CLANG_ENABLE_MODULES = YES;
				CLANG_ENABLE_OBJC_ARC = YES;
				CLANG_ENABLE_OBJC_WEAK = YES;
				CLANG_WARN_BLOCK_CAPTURE_AUTORELEASING = YES;
				CLANG_WARN_BOOL_CONVERSION = YES;
				CLANG_WARN_COMMA = YES;
				CLANG_WARN_CONSTANT_CONVERSION = YES;
				CLANG_WARN_DEPRECATED_OBJC_IMPLEMENTATIONS = YES;
				CLANG_WARN_DIRECT_OBJC_ISA_USAGE = YES_ERROR;
				CLANG_WARN_DOCUMENTATION_COMMENTS = YES;
				CLANG_WARN_EMPTY_BODY = YES;
				CLANG_WARN_ENUM_CONVERSION = YES;
				CLANG_WARN_INFINITE_RECURSION = YES;
				CLANG_WARN_INT_CONVERSION = YES;
				CLANG_WARN_NON_LITERAL_NULL_CONVERSION = YES;
				CLANG_WARN_OBJC_IMPLICIT_RETAIN_SELF = YES;
				CLANG_WARN_OBJC_LITERAL_CONVERSION = YES;
				CLANG_WARN_OBJC_ROOT_CLASS = YES_ERROR;
				CLANG_WARN_QUOTED_INCLUDE_IN_FRAMEWORK_HEADER = YES;
				CLANG_WARN_RANGE_LOOP_ANALYSIS = YES;
				CLANG_WARN_STRICT_PROTOTYPES = YES;
				CLANG_WARN_SUSPICIOUS_MOVE = YES;
				CLANG_WARN_UNGUARDED_AVAILABILITY = YES_AGGRESSIVE;
				CLANG_WARN_UNREACHABLE_CODE = YES;
				CLANG_WARN__DUPLICATE_METHOD_MATCH = YES;
				COPY_PHASE_STRIP = NO;
				DEBUG_INFORMATION_FORMAT = "dwarf-with-dsym";
				ENABLE_NS_ASSERTIONS = NO;
				ENABLE_STRICT_OBJC_MSGSEND = YES;
				GCC_C_LANGUAGE_STANDARD = gnu11;
				GCC_NO_COMMON_BLOCKS = YES;
				GCC_WARN_64_TO_32_BIT_CONVERSION = YES;
				GCC_WARN_ABOUT_RETURN_TYPE = YES_ERROR;
				GCC_WARN_UNDECLARED_SELECTOR = YES;
				GCC_WARN_UNINITIALIZED_AUTOS = YES_AGGRESSIVE;
				GCC_WARN_UNUSED_FUNCTION = YES;
				GCC_WARN_UNUSED_VARIABLE = YES;
				IPHONEOS_DEPLOYMENT_TARGET = 14.3;
				MTL_ENABLE_DEBUG_INFO = NO;
				MTL_FAST_MATH = YES;
				SDKROOT = iphoneos;
				SWIFT_COMPILATION_MODE = wholemodule;
				SWIFT_OPTIMIZATION_LEVEL = "-O";
				VALIDATE_PRODUCT = YES;
			};
			name = Release;
		};
		FE92402325F3C8C400DEA312 /* Debug */ = {
			isa = XCBuildConfiguration;
			buildSettings = {
				ASSETCATALOG_COMPILER_APPICON_NAME = AppIcon;
				ASSETCATALOG_COMPILER_GLOBAL_ACCENT_COLOR_NAME = AccentColor;
				CODE_SIGN_STYLE = Automatic;
				DEVELOPMENT_TEAM = F7675YAGFS;
				INFOPLIST_FILE = "1st app/Info.plist";
				LD_RUNPATH_SEARCH_PATHS = (
					"$(inherited)",
					"@executable_path/Frameworks",
				);
				PRODUCT_BUNDLE_IDENTIFIER = "dima.-st-app";
				PRODUCT_NAME = "$(TARGET_NAME)";
				SWIFT_VERSION = 5.0;
				TARGETED_DEVICE_FAMILY = "1,2";
			};
			name = Debug;
		};
		FE92402425F3C8C400DEA312 /* Release */ = {
			isa = XCBuildConfiguration;
			buildSettings = {
				ASSETCATALOG_COMPILER_APPICON_NAME = AppIcon;
				ASSETCATALOG_COMPILER_GLOBAL_ACCENT_COLOR_NAME = AccentColor;
				CODE_SIGN_STYLE = Automatic;
				DEVELOPMENT_TEAM = F7675YAGFS;
				INFOPLIST_FILE = "1st app/Info.plist";
				LD_RUNPATH_SEARCH_PATHS = (
					"$(inherited)",
					"@executable_path/Frameworks",
				);
				PRODUCT_BUNDLE_IDENTIFIER = "dima.-st-app";
				PRODUCT_NAME = "$(TARGET_NAME)";
				SWIFT_VERSION = 5.0;
				TARGETED_DEVICE_FAMILY = "1,2";
			};
			name = Release;
		};
/* End XCBuildConfiguration section */

/* Begin XCConfigurationList section */
		FE92400925F3C8C100DEA312 /* Build configuration list for PBXProject "1st app" */ = {
			isa = XCConfigurationList;
			buildConfigurations = (
				FE92402025F3C8C400DEA312 /* Debug */,
				FE92402125F3C8C400DEA312 /* Release */,
			);
			defaultConfigurationIsVisible = 0;
			defaultConfigurationName = Release;
		};
		FE92402225F3C8C400DEA312 /* Build configuration list for PBXNativeTarget "1st app" */ = {
			isa = XCConfigurationList;
			buildConfigurations = (
				FE92402325F3C8C400DEA312 /* Debug */,
				FE92402425F3C8C400DEA312 /* Release */,
			);
			defaultConfigurationIsVisible = 0;
			defaultConfigurationName = Release;
		};
/* End XCConfigurationList section */
	};
	rootObject = FE92400625F3C8C100DEA312 /* Project object */;
}
